# THIS IS AN AUTOGENERATED FILE. DO NOT EDIT THIS FILE DIRECTLY.
# yarn lockfile v1


"@aws-cdk/assets@1.51.0":
  version "1.51.0"
  resolved "https://registry.yarnpkg.com/@aws-cdk/assets/-/assets-1.51.0.tgz#8f0f6d32dbd7d72277b44c1195b43e3c3fade4e1"
  integrity sha512-vGZQKEMjOrS1cDPnaW0Hv3clw22fdMPiuOBzUfbdr5lLZXX8+RTT/jozj40oDecuzwmW0hlJZvynUbI4n+tkdg==
  dependencies:
    "@aws-cdk/core" "1.51.0"
    "@aws-cdk/cx-api" "1.51.0"
    constructs "^3.0.2"

"@aws-cdk/aws-cloudwatch@1.51.0":
  version "1.51.0"
  resolved "https://registry.yarnpkg.com/@aws-cdk/aws-cloudwatch/-/aws-cloudwatch-1.51.0.tgz#e139a841d23f04e94e92e7dccd5c295aeb1f7d90"
  integrity sha512-psAaMR1fqnDeI/u20DNaC0kSeP8dq52K8+p1QJ+c+l7M15wN3UFY1xDi3sSagweCDFE6QNNDSo6VCBlHJZOSVQ==
  dependencies:
    "@aws-cdk/aws-iam" "1.51.0"
    "@aws-cdk/core" "1.51.0"
    constructs "^3.0.2"

"@aws-cdk/aws-ec2@1.51.0":
  version "1.51.0"
  resolved "https://registry.yarnpkg.com/@aws-cdk/aws-ec2/-/aws-ec2-1.51.0.tgz#7609d18b9a0fbc1fee6b6fbefe30095149ed0018"
  integrity sha512-k0t2xLiRptaFgWZbS+G5hZBxpydje1ocR87bne4Fz6NueC5MSoR/V8bSwQgUtiYO4ifS8IYg7mTcl1QPontg/A==
  dependencies:
    "@aws-cdk/aws-cloudwatch" "1.51.0"
    "@aws-cdk/aws-iam" "1.51.0"
    "@aws-cdk/aws-kms" "1.51.0"
    "@aws-cdk/aws-logs" "1.51.0"
    "@aws-cdk/aws-s3" "1.51.0"
    "@aws-cdk/aws-ssm" "1.51.0"
    "@aws-cdk/cloud-assembly-schema" "1.51.0"
    "@aws-cdk/core" "1.51.0"
    "@aws-cdk/cx-api" "1.51.0"
    "@aws-cdk/region-info" "1.51.0"
    constructs "^3.0.2"

"@aws-cdk/aws-efs@1.51.0":
  version "1.51.0"
  resolved "https://registry.yarnpkg.com/@aws-cdk/aws-efs/-/aws-efs-1.51.0.tgz#fa8bcb034721fd454007d301cf5836dbbf47a5f5"
  integrity sha512-EDrXruEPJ1kh5tivUREqmkrVQp86vhMVLZkKzx1vSCuGQjawLn5w4bDcSodWZGwZ5R0bnm85WPidfBd+aKoFUw==
  dependencies:
    "@aws-cdk/aws-ec2" "1.51.0"
    "@aws-cdk/aws-kms" "1.51.0"
    "@aws-cdk/cloud-assembly-schema" "1.51.0"
    "@aws-cdk/core" "1.51.0"
    "@aws-cdk/cx-api" "1.51.0"
    constructs "^3.0.2"

"@aws-cdk/aws-events@1.51.0":
  version "1.51.0"
  resolved "https://registry.yarnpkg.com/@aws-cdk/aws-events/-/aws-events-1.51.0.tgz#54ce13076adc3b903647e1e0f5c708f0905839c8"
  integrity sha512-1zhsZJGKgHA7eZ4/J2rIBzKSffOvDPYi1uLhSxjHYJ/IPAeV7oTccv0257sb8p2nbc9uAHR0FApboNN5/M4YFA==
  dependencies:
    "@aws-cdk/aws-iam" "1.51.0"
    "@aws-cdk/core" "1.51.0"
    constructs "^3.0.2"

"@aws-cdk/aws-iam@1.51.0":
  version "1.51.0"
  resolved "https://registry.yarnpkg.com/@aws-cdk/aws-iam/-/aws-iam-1.51.0.tgz#a2fa86dd9f96e49deb8ce7e662edc1fc996ae0f7"
  integrity sha512-s7VwKeeZds0z86yV1vmm/zDCFLnop+67AcEu9QMncluR5yPy+GL2lDjVs2e5py8D3Wmv0XOObbieu4+r9+lKYw==
  dependencies:
    "@aws-cdk/core" "1.51.0"
    "@aws-cdk/region-info" "1.51.0"
    constructs "^3.0.2"

"@aws-cdk/aws-kms@1.51.0":
  version "1.51.0"
  resolved "https://registry.yarnpkg.com/@aws-cdk/aws-kms/-/aws-kms-1.51.0.tgz#2857eb1349c0196a070acf65342a389438c97a11"
  integrity sha512-/bDg3Qz1cx6D4FTKXJ9LG7GcCl3CPWgB/8m2/0JESSsjlGCV7qcT5XY4MegG+RPIhzyVeK0c3c6eXvR+HzygsQ==
  dependencies:
    "@aws-cdk/aws-iam" "1.51.0"
    "@aws-cdk/core" "1.51.0"
    constructs "^3.0.2"

"@aws-cdk/aws-lambda@^1.51.0":
  version "1.51.0"
  resolved "https://registry.yarnpkg.com/@aws-cdk/aws-lambda/-/aws-lambda-1.51.0.tgz#e4d6e6f4764b177322bae333dac3c2561e84c8e9"
  integrity sha512-cWKdSFmbrCUgyRwfKKLsJH8xCnPVmpjvPWbEglcBlKWg4f8UlsRk2wd2Lw2HlDjb+Pntj4cJpj578ZS2XPBEQA==
  dependencies:
    "@aws-cdk/aws-cloudwatch" "1.51.0"
    "@aws-cdk/aws-ec2" "1.51.0"
    "@aws-cdk/aws-efs" "1.51.0"
    "@aws-cdk/aws-events" "1.51.0"
    "@aws-cdk/aws-iam" "1.51.0"
    "@aws-cdk/aws-logs" "1.51.0"
    "@aws-cdk/aws-s3" "1.51.0"
    "@aws-cdk/aws-s3-assets" "1.51.0"
    "@aws-cdk/aws-sqs" "1.51.0"
    "@aws-cdk/core" "1.51.0"
    "@aws-cdk/cx-api" "1.51.0"
    constructs "^3.0.2"

"@aws-cdk/aws-logs@1.51.0":
  version "1.51.0"
  resolved "https://registry.yarnpkg.com/@aws-cdk/aws-logs/-/aws-logs-1.51.0.tgz#6e62c435e4b06b7917e9830974d02f21440e5c9a"
  integrity sha512-Sj2cRqNnxQQ2sWJ58vRakZ2ZkCjlRrrVqXJwfuxXNLHkbDXcm1oseFSZ+bkWwaCD1Hz+4Mh7iwhDaRq/ajj3uQ==
  dependencies:
    "@aws-cdk/aws-cloudwatch" "1.51.0"
    "@aws-cdk/aws-iam" "1.51.0"
    "@aws-cdk/core" "1.51.0"
    constructs "^3.0.2"

"@aws-cdk/aws-route53@^1.51.0":
  version "1.51.0"
  resolved "https://registry.yarnpkg.com/@aws-cdk/aws-route53/-/aws-route53-1.51.0.tgz#804bb0b4cd45b366bf12aa66507dd527a3aa8dbf"
  integrity sha512-6qLwy/iudgzqAlnxhs1HtJG5ho0sBskk4Bl7mnTJRvRYqdZdvjNo8VGYhXewPCSheNCaFsiwqhg6cXzFVX8VGw==
  dependencies:
    "@aws-cdk/aws-ec2" "1.51.0"
    "@aws-cdk/aws-logs" "1.51.0"
    "@aws-cdk/cloud-assembly-schema" "1.51.0"
    "@aws-cdk/core" "1.51.0"
    constructs "^3.0.2"

"@aws-cdk/aws-s3-assets@1.51.0":
  version "1.51.0"
  resolved "https://registry.yarnpkg.com/@aws-cdk/aws-s3-assets/-/aws-s3-assets-1.51.0.tgz#64d35e5738e85e0e3158aae95068bac9c812d293"
  integrity sha512-KO9JE9BX5+QnR0TZKToX3wtbRqnxB1dd1JRfoU76QpMEqooK6bBAhGNmNbAfVu5vOE2s1BvmRjyMbIbqyUFEsg==
  dependencies:
    "@aws-cdk/assets" "1.51.0"
    "@aws-cdk/aws-iam" "1.51.0"
    "@aws-cdk/aws-kms" "1.51.0"
    "@aws-cdk/aws-s3" "1.51.0"
    "@aws-cdk/core" "1.51.0"
    "@aws-cdk/cx-api" "1.51.0"
    constructs "^3.0.2"

"@aws-cdk/aws-s3@1.51.0":
  version "1.51.0"
  resolved "https://registry.yarnpkg.com/@aws-cdk/aws-s3/-/aws-s3-1.51.0.tgz#20961d04a95e713e9f88e2e0b3da0e90962f1b09"
  integrity sha512-EmVcNhkAV/BwZ+6GOdcW7ufqrAHqjTlIdnc+DBirDmTfoWZDeza2ntC7hhy7MSuFI7WOiH7eGMMmK9mhs0v7Rg==
  dependencies:
    "@aws-cdk/aws-events" "1.51.0"
    "@aws-cdk/aws-iam" "1.51.0"
    "@aws-cdk/aws-kms" "1.51.0"
    "@aws-cdk/core" "1.51.0"
    constructs "^3.0.2"

"@aws-cdk/aws-sqs@1.51.0":
  version "1.51.0"
  resolved "https://registry.yarnpkg.com/@aws-cdk/aws-sqs/-/aws-sqs-1.51.0.tgz#ce2b208d08674df7df6745359ddf722b25cb4b91"
  integrity sha512-kbprAOr8n/s34y2F3fLPfFgdAu/oSPALw1Kxb2Yeq4+G/M0zpNWUIlJ0awIuKP/ZwUhQQVWmhLHlKoh7JtzMhg==
  dependencies:
    "@aws-cdk/aws-cloudwatch" "1.51.0"
    "@aws-cdk/aws-iam" "1.51.0"
    "@aws-cdk/aws-kms" "1.51.0"
    "@aws-cdk/core" "1.51.0"
    constructs "^3.0.2"

"@aws-cdk/aws-ssm@1.51.0":
  version "1.51.0"
  resolved "https://registry.yarnpkg.com/@aws-cdk/aws-ssm/-/aws-ssm-1.51.0.tgz#8626101c6e11ab5491796ad874584289b6fee502"
  integrity sha512-DQsiQW4a9nDJuDrOlXaeOOm6YpEWh8jMcjWQwUK47yOo5dvRjShoUCaUcay5pC70RZItMGavriVSqcG4R2cdEw==
  dependencies:
    "@aws-cdk/aws-iam" "1.51.0"
    "@aws-cdk/aws-kms" "1.51.0"
    "@aws-cdk/cloud-assembly-schema" "1.51.0"
    "@aws-cdk/core" "1.51.0"
    constructs "^3.0.2"

"@aws-cdk/cloud-assembly-schema@1.51.0":
  version "1.51.0"
  resolved "https://registry.yarnpkg.com/@aws-cdk/cloud-assembly-schema/-/cloud-assembly-schema-1.51.0.tgz#924537e876f3c9999aaee5d457ab2729d66b931e"
  integrity sha512-0Hphdnoshxpnxj10Zrv3kQpr4piTTjv6SEPBcYGdh61S45kTtZ62qZJtkOZa+7LGvKL/VAmXKplwfi7Q0v+nKA==
  dependencies:
    jsonschema "^1.2.5"
    semver "^7.2.2"

"@aws-cdk/core@1.51.0", "@aws-cdk/core@^1.51.0":
  version "1.51.0"
  resolved "https://registry.yarnpkg.com/@aws-cdk/core/-/core-1.51.0.tgz#d5a748408830e04dfae42eb2615f954c6066bc1d"
  integrity sha512-KiVwqF7eDlzgCG+c07+4GxffVx2fC113Ry40Ggi8rynVLzgCIlp4xwOX9JE54bOg1GlrN6oVBQkrJFZnJLAhZA==
  dependencies:
    "@aws-cdk/cloud-assembly-schema" "1.51.0"
    "@aws-cdk/cx-api" "1.51.0"
    constructs "^3.0.2"
    fs-extra "^9.0.1"
    minimatch "^3.0.4"

"@aws-cdk/cx-api@1.51.0":
  version "1.51.0"
  resolved "https://registry.yarnpkg.com/@aws-cdk/cx-api/-/cx-api-1.51.0.tgz#19952da89aa9669680d1c9dded3f92c662071140"
  integrity sha512-xBjUSS4ltmM08CCqy9Pt+s3Qu8W12J6aEMbqUCiVA5kDh4qlXcQe0u8j12x8E3YJ6EkVLGO8738YP9JwI/eg3A==
  dependencies:
    "@aws-cdk/cloud-assembly-schema" "1.51.0"
    semver "^7.2.2"

"@aws-cdk/region-info@1.51.0":
  version "1.51.0"
  resolved "https://registry.yarnpkg.com/@aws-cdk/region-info/-/region-info-1.51.0.tgz#45ed323360a586b68d7749d024a7c5f8441afa75"
  integrity sha512-2mWhl8A6+xapousL0QknN4TDsqpqmJdCbTc1i6DCKQSJRHdf/d1Nlu3Wx62BsdBgq95q8mxlbEVulnLbte/rJQ==

at-least-node@^1.0.0:
  version "1.0.0"
  resolved "https://registry.yarnpkg.com/at-least-node/-/at-least-node-1.0.0.tgz#602cd4b46e844ad4effc92a8011a3c46e0238dc2"
  integrity sha512-+q/t7Ekv1EDY2l6Gda6LLiX14rU9TV20Wa3ofeQmwPFZbOMo9DXrLbOjFaaclkXKWidIaopwAObQDqwWtGUjqg==

balanced-match@^1.0.0:
  version "1.0.0"
  resolved "https://registry.yarnpkg.com/balanced-match/-/balanced-match-1.0.0.tgz#89b4d199ab2bee49de164ea02b89ce462d71b767"
  integrity sha1-ibTRmasr7kneFk6gK4nORi1xt2c=

brace-expansion@^1.1.7:
  version "1.1.11"
  resolved "https://registry.yarnpkg.com/brace-expansion/-/brace-expansion-1.1.11.tgz#3c7fcbf529d87226f3d2f52b966ff5271eb441dd"
  integrity sha512-iCuPHDFgrHX7H2vEI/5xpz07zSHB00TpugqhmYtVmMO6518mCuRMoOYFldEBl0g187ufozdaHgWKcYFb61qGiA==
  dependencies:
    balanced-match "^1.0.0"
    concat-map "0.0.1"

concat-map@0.0.1:
  version "0.0.1"
  resolved "https://registry.yarnpkg.com/concat-map/-/concat-map-0.0.1.tgz#d8a96bd77fd68df7793a73036a3ba0d5405d477b"
  integrity sha1-2Klr13/Wjfd5OnMDajug1UBdR3s=

constructs@^3.0.2:
  version "3.0.3"
  resolved "https://registry.yarnpkg.com/constructs/-/constructs-3.0.3.tgz#76687d6e3783b0b6864d72aaae5b0bacd824d52e"
  integrity sha512-JrYLpTlz92Un1jxkwoGiOiGoDjzIWtxo64sLC5FD4mQN1H9mAqZNvgxWYWaJIiWUXNkl5L5sO3GFf6peTj7UMQ==

fs-extra@^9.0.1:
  version "9.0.1"
  resolved "https://registry.yarnpkg.com/fs-extra/-/fs-extra-9.0.1.tgz#910da0062437ba4c39fedd863f1675ccfefcb9fc"
  integrity sha512-h2iAoN838FqAFJY2/qVpzFXy+EBxfVE220PalAqQLDVsFOHLJrZvut5puAbCdNv6WJk+B8ihI+k0c7JK5erwqQ==
  dependencies:
    at-least-node "^1.0.0"
    graceful-fs "^4.2.0"
    jsonfile "^6.0.1"
    universalify "^1.0.0"

graceful-fs@^4.1.6, graceful-fs@^4.2.0:
  version "4.2.4"
  resolved "https://registry.yarnpkg.com/graceful-fs/-/graceful-fs-4.2.4.tgz#2256bde14d3632958c465ebc96dc467ca07a29fb"
  integrity sha512-WjKPNJF79dtJAVniUlGGWHYGz2jWxT6VhN/4m1NdkbZ2nOsEF+cI1Edgql5zCRhs/VsQYRvrXctxktVXZUkixw==

jsonfile@^6.0.1:
  version "6.0.1"
  resolved "https://registry.yarnpkg.com/jsonfile/-/jsonfile-6.0.1.tgz#98966cba214378c8c84b82e085907b40bf614179"
  integrity sha512-jR2b5v7d2vIOust+w3wtFKZIfpC2pnRmFAhAC/BuweZFQR8qZzxH1OyrQ10HmdVYiXWkYUqPVsz91cG7EL2FBg==
  dependencies:
    universalify "^1.0.0"
  optionalDependencies:
    graceful-fs "^4.1.6"

jsonschema@^1.2.5:
  version "1.2.6"
  resolved "https://registry.yarnpkg.com/jsonschema/-/jsonschema-1.2.6.tgz#52b0a8e9dc06bbae7295249d03e4b9faee8a0c0b"
  integrity sha512-SqhURKZG07JyKKeo/ir24QnS4/BV7a6gQy93bUSe4lUdNp0QNpIz2c9elWJQ9dpc5cQYY6cvCzgRwy0MQCLyqA==

minimatch@^3.0.4:
  version "3.0.4"
  resolved "https://registry.yarnpkg.com/minimatch/-/minimatch-3.0.4.tgz#5166e286457f03306064be5497e8dbb0c3d32083"
  integrity sha512-yJHVQEhyqPLUTgt9B83PXu6W3rx4MvvHvSUvToogpwoGDOUQ+yDrR0HRot+yOCdCO7u4hX3pWft6kWBBcqh0UA==
  dependencies:
    brace-expansion "^1.1.7"

semver@^7.2.2:
  version "7.3.2"
  resolved "https://registry.yarnpkg.com/semver/-/semver-7.3.2.tgz#604962b052b81ed0786aae84389ffba70ffd3938"
  integrity sha512-OrOb32TeeambH6UrhtShmF7CRDqhL6/5XpPNp2DuRH6+9QLw/orhp72j87v8Qa1ScDkvrrBNpZcDejAirJmfXQ==

typescript@^3.9.6:
  version "3.9.6"
  resolved "https://registry.yarnpkg.com/typescript/-/typescript-3.9.6.tgz#8f3e0198a34c3ae17091b35571d3afd31999365a"
  integrity sha512-Pspx3oKAPJtjNwE92YS05HQoY7z2SFyOpHo9MqJor3BXAGNaPUs83CuVp9VISFkSjyRfiTpmKuAYGJB7S7hOxw==

universalify@^1.0.0:
  version "1.0.0"
  resolved "https://registry.yarnpkg.com/universalify/-/universalify-1.0.0.tgz#b61a1da173e8435b2fe3c67d29b9adf8594bd16d"
  integrity sha512-rb6X1W158d7pRQBg5gkR8uPaSfiids68LTJQYOtEUhoJUWBdaQHsuT/EUduxXYxcrt4r5PJ4fuHW1MHT6p0qug==
