{
  "name": "@updraft/aws-api-gw-lambdas",
  "version": "0.0.5",
  "lockfileVersion": 1,
  "requires": true,
  "dependencies": {
    "@aws-cdk/assets": {
      "version": "1.48.0",
      "resolved": "https://registry.npmjs.org/@aws-cdk/assets/-/assets-1.48.0.tgz",
      "integrity": "sha512-gZQLZ4gVXApg85NYI9RYwPU21AB/0peJ+kn5mzJVrrOMNoR4aC3fVugDbcpBpf/eUKQ3CjnJG8DCHH8pka7XVg==",
      "requires": {
        "@aws-cdk/core": "1.48.0",
        "@aws-cdk/cx-api": "1.48.0",
        "constructs": "^3.0.2"
      }
    },
    "@aws-cdk/aws-apigateway": {
      "version": "1.48.0",
      "resolved": "https://registry.npmjs.org/@aws-cdk/aws-apigateway/-/aws-apigateway-1.48.0.tgz",
      "integrity": "sha512-z2iPD7mysATo1SD4bYo4z5pnGkYqlv9x7+Cf6g6y95AsiBlsRuWQN6/OHcZDR6WIIiGxkz/9ElDaIEJ3o6B0kg==",
      "requires": {
        "@aws-cdk/assets": "1.48.0",
        "@aws-cdk/aws-certificatemanager": "1.48.0",
        "@aws-cdk/aws-ec2": "1.48.0",
        "@aws-cdk/aws-elasticloadbalancingv2": "1.48.0",
        "@aws-cdk/aws-iam": "1.48.0",
        "@aws-cdk/aws-lambda": "1.48.0",
        "@aws-cdk/aws-logs": "1.48.0",
        "@aws-cdk/aws-s3": "1.48.0",
        "@aws-cdk/aws-s3-assets": "1.48.0",
        "@aws-cdk/core": "1.48.0",
        "@aws-cdk/cx-api": "1.48.0",
        "constructs": "^3.0.2"
      }
    },
    "@aws-cdk/aws-certificatemanager": {
      "version": "1.48.0",
      "resolved": "https://registry.npmjs.org/@aws-cdk/aws-certificatemanager/-/aws-certificatemanager-1.48.0.tgz",
      "integrity": "sha512-s72DPrq/yYYwmD6uR7+o4BPRaqSR2FHrnwi6oVEYquf/X5xfVXdp7NgYdw7utt/m05cNqH3N6hrGsFdTi8NubQ==",
      "requires": {
        "@aws-cdk/aws-iam": "1.48.0",
        "@aws-cdk/aws-lambda": "1.48.0",
        "@aws-cdk/aws-route53": "1.48.0",
        "@aws-cdk/core": "1.48.0",
        "constructs": "^3.0.2"
      }
    },
    "@aws-cdk/aws-cloudformation": {
      "version": "1.48.0",
      "resolved": "https://registry.npmjs.org/@aws-cdk/aws-cloudformation/-/aws-cloudformation-1.48.0.tgz",
      "integrity": "sha512-hmL2/Gk3vXU0mhqUXboNm9znJdZEFq3EqXMGcVlFA6L8xx5pJNfraBmyq0zdOSvHjn6EOLFK9GK4jnGTZOuAvQ==",
      "requires": {
        "@aws-cdk/aws-iam": "1.48.0",
        "@aws-cdk/aws-lambda": "1.48.0",
        "@aws-cdk/aws-s3": "1.48.0",
        "@aws-cdk/aws-sns": "1.48.0",
        "@aws-cdk/core": "1.48.0",
        "@aws-cdk/cx-api": "1.48.0",
        "constructs": "^3.0.2"
      }
    },
    "@aws-cdk/aws-cloudfront": {
      "version": "1.48.0",
      "resolved": "https://registry.npmjs.org/@aws-cdk/aws-cloudfront/-/aws-cloudfront-1.48.0.tgz",
      "integrity": "sha512-JEbdtXC/UsBiFYIgUMfzI4LG9dzGE2vyx+Sr9I+P5kMtmkiKCLsLrDTeNye/SSKtcp6VbT6Ch4dGmXLgm22yJg==",
      "requires": {
        "@aws-cdk/aws-certificatemanager": "1.48.0",
        "@aws-cdk/aws-iam": "1.48.0",
        "@aws-cdk/aws-kms": "1.48.0",
        "@aws-cdk/aws-lambda": "1.48.0",
        "@aws-cdk/aws-s3": "1.48.0",
        "@aws-cdk/core": "1.48.0",
        "constructs": "^3.0.2"
      }
    },
    "@aws-cdk/aws-cloudwatch": {
      "version": "1.48.0",
      "resolved": "https://registry.npmjs.org/@aws-cdk/aws-cloudwatch/-/aws-cloudwatch-1.48.0.tgz",
      "integrity": "sha512-8gouBTmwEdY/u5L3qmSjld4s852PumPBJlRWHy7eAbsyNGqu2EIdnL+RdAMsG2vccQAHusfQ8tPKQ/ZAQvhlAQ==",
      "requires": {
        "@aws-cdk/aws-iam": "1.48.0",
        "@aws-cdk/core": "1.48.0",
        "constructs": "^3.0.2"
      }
    },
    "@aws-cdk/aws-cognito": {
      "version": "1.48.0",
      "resolved": "https://registry.npmjs.org/@aws-cdk/aws-cognito/-/aws-cognito-1.48.0.tgz",
      "integrity": "sha512-yY+RpDp5I2PGSHb/Ot1lcKyekKdmG4PFIj9uE2mlDs7vHDOCHJ5ZabbxL84ILSYj6k0q5L9s/JsUnuRtP0r97w==",
      "requires": {
        "@aws-cdk/aws-certificatemanager": "1.48.0",
        "@aws-cdk/aws-iam": "1.48.0",
        "@aws-cdk/aws-lambda": "1.48.0",
        "@aws-cdk/core": "1.48.0",
        "@aws-cdk/custom-resources": "1.48.0",
        "constructs": "^3.0.2"
      }
    },
    "@aws-cdk/aws-ec2": {
      "version": "1.48.0",
      "resolved": "https://registry.npmjs.org/@aws-cdk/aws-ec2/-/aws-ec2-1.48.0.tgz",
      "integrity": "sha512-mfuAOuhdqLe8QM9OMcoaQ2i/5rhG9q3rOe5gXjSHHdi7jVstw5gsrWTszt/bk4cAWtExV0k2A13X0554nSR5aA==",
      "requires": {
        "@aws-cdk/aws-cloudwatch": "1.48.0",
        "@aws-cdk/aws-iam": "1.48.0",
        "@aws-cdk/aws-kms": "1.48.0",
        "@aws-cdk/aws-logs": "1.48.0",
        "@aws-cdk/aws-s3": "1.48.0",
        "@aws-cdk/aws-ssm": "1.48.0",
        "@aws-cdk/cloud-assembly-schema": "1.48.0",
        "@aws-cdk/core": "1.48.0",
        "@aws-cdk/cx-api": "1.48.0",
        "@aws-cdk/region-info": "1.48.0",
        "constructs": "^3.0.2"
      }
    },
    "@aws-cdk/aws-elasticloadbalancing": {
      "version": "1.48.0",
      "resolved": "https://registry.npmjs.org/@aws-cdk/aws-elasticloadbalancing/-/aws-elasticloadbalancing-1.48.0.tgz",
      "integrity": "sha512-VbZMtTyFD5pIGlXSN2LGQ7i4y8Iq1ez15Bu/mI6wb1L+5VsGkwoE7yKG9uglmZDhEcd0+rjXWABu5oqW5z1TNA==",
      "requires": {
        "@aws-cdk/aws-ec2": "1.48.0",
        "@aws-cdk/core": "1.48.0",
        "constructs": "^3.0.2"
      }
    },
    "@aws-cdk/aws-elasticloadbalancingv2": {
      "version": "1.48.0",
      "resolved": "https://registry.npmjs.org/@aws-cdk/aws-elasticloadbalancingv2/-/aws-elasticloadbalancingv2-1.48.0.tgz",
      "integrity": "sha512-c4LRCht1nZSbw5TMkOsTVfapwP3i9AHIs3aNO+6dbcGsb4iZz31bzk+OSoMiD54mSp/amKU7TPtpTbNP/BkzlQ==",
      "requires": {
        "@aws-cdk/aws-certificatemanager": "1.48.0",
        "@aws-cdk/aws-cloudwatch": "1.48.0",
        "@aws-cdk/aws-ec2": "1.48.0",
        "@aws-cdk/aws-iam": "1.48.0",
        "@aws-cdk/aws-lambda": "1.48.0",
        "@aws-cdk/aws-s3": "1.48.0",
        "@aws-cdk/core": "1.48.0",
        "constructs": "^3.0.2"
      }
    },
    "@aws-cdk/aws-events": {
      "version": "1.48.0",
      "resolved": "https://registry.npmjs.org/@aws-cdk/aws-events/-/aws-events-1.48.0.tgz",
      "integrity": "sha512-vhNUdBIfYbEH5+/PQ70qtjnwHB3i74pe5mno0SekN9PZWqM0r0y8FNNym3XdLl4+o1Q44XDWNAEa8OQAvIBKwg==",
      "requires": {
        "@aws-cdk/aws-iam": "1.48.0",
        "@aws-cdk/core": "1.48.0",
        "constructs": "^3.0.2"
      }
    },
    "@aws-cdk/aws-iam": {
      "version": "1.48.0",
      "resolved": "https://registry.npmjs.org/@aws-cdk/aws-iam/-/aws-iam-1.48.0.tgz",
      "integrity": "sha512-M8t0YhmpfZrupgeOz9EbP1Ai6IY01e4My6t/7JXdtD2HqNmCyJ80cSJnCDq9fMwxKOj+GIaIJq84eVa0uc1BBA==",
      "requires": {
        "@aws-cdk/core": "1.48.0",
        "@aws-cdk/region-info": "1.48.0",
        "constructs": "^3.0.2"
      }
    },
    "@aws-cdk/aws-kms": {
      "version": "1.48.0",
      "resolved": "https://registry.npmjs.org/@aws-cdk/aws-kms/-/aws-kms-1.48.0.tgz",
      "integrity": "sha512-+dDkVkOJeO6+V+p6aEuS9Y73B4e6zNu4N3l7koCBd/hJpQT5bioU5gRQdHjMvSpVZe9valD/vw0cOCEKRol53g==",
      "requires": {
        "@aws-cdk/aws-iam": "1.48.0",
        "@aws-cdk/core": "1.48.0",
        "constructs": "^3.0.2"
      }
    },
    "@aws-cdk/aws-lambda": {
      "version": "1.48.0",
      "resolved": "https://registry.npmjs.org/@aws-cdk/aws-lambda/-/aws-lambda-1.48.0.tgz",
      "integrity": "sha512-vBrU0MfFv8fUXElWP1IfucPxlZ/3gU8Ef0/lZBqi/q4pS1iAWlgeJyynk+gE4rM9fHgZzEh73DE1/D0DiFeYtg==",
      "requires": {
        "@aws-cdk/aws-cloudwatch": "1.48.0",
        "@aws-cdk/aws-ec2": "1.48.0",
        "@aws-cdk/aws-events": "1.48.0",
        "@aws-cdk/aws-iam": "1.48.0",
        "@aws-cdk/aws-logs": "1.48.0",
        "@aws-cdk/aws-s3": "1.48.0",
        "@aws-cdk/aws-s3-assets": "1.48.0",
        "@aws-cdk/aws-sqs": "1.48.0",
        "@aws-cdk/core": "1.48.0",
        "@aws-cdk/cx-api": "1.48.0",
        "constructs": "^3.0.2"
      }
    },
    "@aws-cdk/aws-logs": {
      "version": "1.48.0",
      "resolved": "https://registry.npmjs.org/@aws-cdk/aws-logs/-/aws-logs-1.48.0.tgz",
      "integrity": "sha512-NWc4MibrnTjRiOnv1L+uKxtfSFgqeBq1nPan0HIRNj9xE//hUKa5kmhhvWm3a1AEKkxHynoNx5KUi5Qta3G7zQ==",
      "requires": {
        "@aws-cdk/aws-cloudwatch": "1.48.0",
        "@aws-cdk/aws-iam": "1.48.0",
        "@aws-cdk/core": "1.48.0",
        "constructs": "^3.0.2"
      }
    },
    "@aws-cdk/aws-route53": {
      "version": "1.48.0",
      "resolved": "https://registry.npmjs.org/@aws-cdk/aws-route53/-/aws-route53-1.48.0.tgz",
      "integrity": "sha512-dgCHomRYaMzOfnYPEpiYrkJcfnCqNrRAPjAFmjMIAJlnx/lzllHNKsUfJza0X7KVoeJsvBvOptZdZSRqV0ChSQ==",
      "requires": {
        "@aws-cdk/aws-ec2": "1.48.0",
        "@aws-cdk/aws-logs": "1.48.0",
        "@aws-cdk/cloud-assembly-schema": "1.48.0",
        "@aws-cdk/core": "1.48.0",
        "constructs": "^3.0.2"
      }
    },
    "@aws-cdk/aws-route53-targets": {
      "version": "1.48.0",
      "resolved": "https://registry.npmjs.org/@aws-cdk/aws-route53-targets/-/aws-route53-targets-1.48.0.tgz",
      "integrity": "sha512-x9LPzckPcoixMZooGP2AHhvz7AaKhJ/OVhrKECO/2tKST2n057aUXRs7piSuK9guFzIIGO4eGu/gM7mEkNisiA==",
      "requires": {
        "@aws-cdk/aws-apigateway": "1.48.0",
        "@aws-cdk/aws-cloudfront": "1.48.0",
        "@aws-cdk/aws-cognito": "1.48.0",
        "@aws-cdk/aws-ec2": "1.48.0",
        "@aws-cdk/aws-elasticloadbalancing": "1.48.0",
        "@aws-cdk/aws-elasticloadbalancingv2": "1.48.0",
        "@aws-cdk/aws-iam": "1.48.0",
        "@aws-cdk/aws-route53": "1.48.0",
        "@aws-cdk/aws-s3": "1.48.0",
        "@aws-cdk/core": "1.48.0",
        "@aws-cdk/region-info": "1.48.0",
        "constructs": "^3.0.2"
      }
    },
    "@aws-cdk/aws-s3": {
      "version": "1.48.0",
      "resolved": "https://registry.npmjs.org/@aws-cdk/aws-s3/-/aws-s3-1.48.0.tgz",
      "integrity": "sha512-mGsJPjq5rninLA1bcoKRoY0bkKJZwPrOVz0FayaAxJpFdS0qWscZl1hcj3QkzyypWtcmraBXRp5uv0Dhm5YC1A==",
      "requires": {
        "@aws-cdk/aws-events": "1.48.0",
        "@aws-cdk/aws-iam": "1.48.0",
        "@aws-cdk/aws-kms": "1.48.0",
        "@aws-cdk/core": "1.48.0",
        "constructs": "^3.0.2"
      }
    },
    "@aws-cdk/aws-s3-assets": {
      "version": "1.48.0",
      "resolved": "https://registry.npmjs.org/@aws-cdk/aws-s3-assets/-/aws-s3-assets-1.48.0.tgz",
      "integrity": "sha512-p4KKkvbEuG5KDvVRpG8835UG578JtX/+wZksPmolAALjkituqUcP2pRxheJsv+K96yR/xP4MGULGZwkmFy2e0Q==",
      "requires": {
        "@aws-cdk/assets": "1.48.0",
        "@aws-cdk/aws-iam": "1.48.0",
        "@aws-cdk/aws-kms": "1.48.0",
        "@aws-cdk/aws-s3": "1.48.0",
        "@aws-cdk/core": "1.48.0",
        "@aws-cdk/cx-api": "1.48.0",
        "constructs": "^3.0.2"
      }
    },
    "@aws-cdk/aws-sns": {
      "version": "1.48.0",
      "resolved": "https://registry.npmjs.org/@aws-cdk/aws-sns/-/aws-sns-1.48.0.tgz",
      "integrity": "sha512-QVPUpaSBZmz6X4pxXRcJzpjVjlRtImvjFQHHQg/lIfG+62KzNVVQhFcK5SUNG9eoaIsV73JVGgAYqYHMwC5pug==",
      "requires": {
        "@aws-cdk/aws-cloudwatch": "1.48.0",
        "@aws-cdk/aws-events": "1.48.0",
        "@aws-cdk/aws-iam": "1.48.0",
        "@aws-cdk/aws-kms": "1.48.0",
        "@aws-cdk/aws-sqs": "1.48.0",
        "@aws-cdk/core": "1.48.0",
        "constructs": "^3.0.2"
      }
    },
    "@aws-cdk/aws-sqs": {
      "version": "1.48.0",
      "resolved": "https://registry.npmjs.org/@aws-cdk/aws-sqs/-/aws-sqs-1.48.0.tgz",
      "integrity": "sha512-R7bNOyCyyKOO02zUUnazpeLakINB6bWtqp1UyEUilOum+X3iUHJs/PORPVwKcArWAhxydGCB01xky/sQ7o6gjA==",
      "requires": {
        "@aws-cdk/aws-cloudwatch": "1.48.0",
        "@aws-cdk/aws-iam": "1.48.0",
        "@aws-cdk/aws-kms": "1.48.0",
        "@aws-cdk/core": "1.48.0",
        "constructs": "^3.0.2"
      }
    },
    "@aws-cdk/aws-ssm": {
      "version": "1.48.0",
      "resolved": "https://registry.npmjs.org/@aws-cdk/aws-ssm/-/aws-ssm-1.48.0.tgz",
      "integrity": "sha512-KaUF+kwp9HjxRZ3NZsIuKhR9r8fAyfEYnc+nbsxglho4VZtS6Yv6ujiZfwSk/iE3SUuRVcwHR+GPOQs6KawnrQ==",
      "requires": {
        "@aws-cdk/aws-iam": "1.48.0",
        "@aws-cdk/aws-kms": "1.48.0",
        "@aws-cdk/cloud-assembly-schema": "1.48.0",
        "@aws-cdk/core": "1.48.0",
        "constructs": "^3.0.2"
      }
    },
    "@aws-cdk/cloud-assembly-schema": {
      "version": "1.48.0",
      "resolved": "https://registry.npmjs.org/@aws-cdk/cloud-assembly-schema/-/cloud-assembly-schema-1.48.0.tgz",
      "integrity": "sha512-3+TSjB/3hmVfcEQ0g4hitdNqz68MpYaLZGJnoVef76pNJijGbPtVMcLP8/iZ8LiOwKtZlwH7OEzcmQzSklHuUw==",
      "requires": {
        "jsonschema": "^1.2.5",
        "semver": "^7.2.2"
      }
    },
    "@aws-cdk/core": {
      "version": "1.48.0",
      "resolved": "https://registry.npmjs.org/@aws-cdk/core/-/core-1.48.0.tgz",
      "integrity": "sha512-nPSLI/qa9kXxuspOAYTUqf2YUy83F+6QelC9/ZYz+NVwuzGL+YTQmG5NZCzuFWyla+NZX7Med/IXxGOpRMP6WQ==",
      "requires": {
        "@aws-cdk/cloud-assembly-schema": "1.48.0",
        "@aws-cdk/cx-api": "1.48.0",
        "constructs": "^3.0.2",
        "fs-extra": "^9.0.1",
        "minimatch": "^3.0.4"
      }
    },
    "@aws-cdk/custom-resources": {
      "version": "1.48.0",
      "resolved": "https://registry.npmjs.org/@aws-cdk/custom-resources/-/custom-resources-1.48.0.tgz",
      "integrity": "sha512-4/vUiUdSesFld5yV11r+0l9YBWt9Vn+458CiQqBq/xwEJzmI0LnS0YbckLp5xvLTBQX7dzbWkIg23cXzFbdzBw==",
      "requires": {
        "@aws-cdk/aws-cloudformation": "1.48.0",
        "@aws-cdk/aws-iam": "1.48.0",
        "@aws-cdk/aws-lambda": "1.48.0",
        "@aws-cdk/aws-logs": "1.48.0",
        "@aws-cdk/aws-sns": "1.48.0",
        "@aws-cdk/core": "1.48.0",
        "constructs": "^3.0.2"
      }
    },
    "@aws-cdk/cx-api": {
      "version": "1.48.0",
      "resolved": "https://registry.npmjs.org/@aws-cdk/cx-api/-/cx-api-1.48.0.tgz",
      "integrity": "sha512-zuL5AllIsnro2RnofJ0VpgvMaePLhJjBwY87P1yQ0BJuw3tMtmLI++WaJKj2jbzdu8eXgsHk0KwyA7yl+5DDIw==",
      "requires": {
        "@aws-cdk/cloud-assembly-schema": "1.48.0",
        "semver": "^7.2.2"
      },
      "dependencies": {
        "semver": {
          "version": "7.3.2",
          "resolved": "https://registry.npmjs.org/semver/-/semver-7.3.2.tgz",
          "integrity": "sha512-OrOb32TeeambH6UrhtShmF7CRDqhL6/5XpPNp2DuRH6+9QLw/orhp72j87v8Qa1ScDkvrrBNpZcDejAirJmfXQ=="
        }
      }
    },
    "@aws-cdk/region-info": {
      "version": "1.48.0",
      "resolved": "https://registry.npmjs.org/@aws-cdk/region-info/-/region-info-1.48.0.tgz",
      "integrity": "sha512-e5f8rB5+4VYx0HYkTcWCerYEHHndJK5kZUpUvUS95qFRmMv1xvFSL9FeHYQ5hDgGQUEmxYMWFMHGgJDSCMiKXA=="
    },
    "at-least-node": {
      "version": "1.0.0",
      "resolved": "https://registry.npmjs.org/at-least-node/-/at-least-node-1.0.0.tgz",
      "integrity": "sha512-+q/t7Ekv1EDY2l6Gda6LLiX14rU9TV20Wa3ofeQmwPFZbOMo9DXrLbOjFaaclkXKWidIaopwAObQDqwWtGUjqg=="
    },
    "balanced-match": {
      "version": "1.0.0",
      "resolved": "https://registry.npmjs.org/balanced-match/-/balanced-match-1.0.0.tgz",
      "integrity": "sha1-ibTRmasr7kneFk6gK4nORi1xt2c="
    },
    "brace-expansion": {
      "version": "1.1.11",
      "resolved": "https://registry.npmjs.org/brace-expansion/-/brace-expansion-1.1.11.tgz",
      "integrity": "sha512-iCuPHDFgrHX7H2vEI/5xpz07zSHB00TpugqhmYtVmMO6518mCuRMoOYFldEBl0g187ufozdaHgWKcYFb61qGiA==",
      "requires": {
        "balanced-match": "^1.0.0",
        "concat-map": "0.0.1"
      }
    },
    "concat-map": {
      "version": "0.0.1",
      "resolved": "https://registry.npmjs.org/concat-map/-/concat-map-0.0.1.tgz",
      "integrity": "sha1-2Klr13/Wjfd5OnMDajug1UBdR3s="
    },
    "constructs": {
      "version": "3.0.4",
      "resolved": "https://registry.npmjs.org/constructs/-/constructs-3.0.4.tgz",
      "integrity": "sha512-CDvg7gMjphE3DFX4pzkF6j73NREbR8npPFW8Mx/CLRnMR035+Y1o1HrXIsNSss/dq3ZUnNTU9jKyd3fL9EOlfw=="
    },
    "fs-extra": {
      "version": "9.0.1",
      "resolved": "https://registry.npmjs.org/fs-extra/-/fs-extra-9.0.1.tgz",
      "integrity": "sha512-h2iAoN838FqAFJY2/qVpzFXy+EBxfVE220PalAqQLDVsFOHLJrZvut5puAbCdNv6WJk+B8ihI+k0c7JK5erwqQ==",
      "requires": {
        "at-least-node": "^1.0.0",
        "graceful-fs": "^4.2.0",
        "jsonfile": "^6.0.1",
        "universalify": "^1.0.0"
      }
    },
    "graceful-fs": {
      "version": "4.2.4",
      "resolved": "https://registry.npmjs.org/graceful-fs/-/graceful-fs-4.2.4.tgz",
      "integrity": "sha512-WjKPNJF79dtJAVniUlGGWHYGz2jWxT6VhN/4m1NdkbZ2nOsEF+cI1Edgql5zCRhs/VsQYRvrXctxktVXZUkixw=="
    },
    "jsonfile": {
      "version": "6.0.1",
      "resolved": "https://registry.npmjs.org/jsonfile/-/jsonfile-6.0.1.tgz",
      "integrity": "sha512-jR2b5v7d2vIOust+w3wtFKZIfpC2pnRmFAhAC/BuweZFQR8qZzxH1OyrQ10HmdVYiXWkYUqPVsz91cG7EL2FBg==",
      "requires": {
        "graceful-fs": "^4.1.6",
        "universalify": "^1.0.0"
      }
    },
    "jsonschema": {
      "version": "1.2.6",
      "resolved": "https://registry.npmjs.org/jsonschema/-/jsonschema-1.2.6.tgz",
      "integrity": "sha512-SqhURKZG07JyKKeo/ir24QnS4/BV7a6gQy93bUSe4lUdNp0QNpIz2c9elWJQ9dpc5cQYY6cvCzgRwy0MQCLyqA=="
    },
    "minimatch": {
      "version": "3.0.4",
      "resolved": "https://registry.npmjs.org/minimatch/-/minimatch-3.0.4.tgz",
      "integrity": "sha512-yJHVQEhyqPLUTgt9B83PXu6W3rx4MvvHvSUvToogpwoGDOUQ+yDrR0HRot+yOCdCO7u4hX3pWft6kWBBcqh0UA==",
      "requires": {
        "brace-expansion": "^1.1.7"
      }
    },
    "semver": {
      "version": "7.3.2",
      "resolved": "https://registry.npmjs.org/semver/-/semver-7.3.2.tgz",
      "integrity": "sha512-OrOb32TeeambH6UrhtShmF7CRDqhL6/5XpPNp2DuRH6+9QLw/orhp72j87v8Qa1ScDkvrrBNpZcDejAirJmfXQ=="
    },
    "typescript": {
      "version": "3.9.5",
      "resolved": "https://registry.npmjs.org/typescript/-/typescript-3.9.5.tgz",
      "integrity": "sha512-hSAifV3k+i6lEoCJ2k6R2Z/rp/H3+8sdmcn5NrS3/3kE7+RyZXm9aqvxWqjEXHAd8b0pShatpcdMTvEdvAJltQ==",
      "dev": true
    },
    "universalify": {
      "version": "1.0.0",
      "resolved": "https://registry.npmjs.org/universalify/-/universalify-1.0.0.tgz",
      "integrity": "sha512-rb6X1W158d7pRQBg5gkR8uPaSfiids68LTJQYOtEUhoJUWBdaQHsuT/EUduxXYxcrt4r5PJ4fuHW1MHT6p0qug=="
    }
  }
}
